// !$*UTF8*$!
{
	archiveVersion = 1;
	classes = {
	};
	objectVersion = 46;
	objects = {

/* Begin PBXBuildFile section */
		39B6A2871CE217030042E9CB /* AppDelegate.swift in Sources */ = {isa = PBXBuildFile; fileRef = 39B6A2861CE217030042E9CB /* AppDelegate.swift */; };
		39B6A2891CE217030042E9CB /* ImagesViewController.swift in Sources */ = {isa = PBXBuildFile; fileRef = 39B6A2881CE217030042E9CB /* ImagesViewController.swift */; };
		39B6A28E1CE217030042E9CB /* Assets.xcassets in Resources */ = {isa = PBXBuildFile; fileRef = 39B6A28D1CE217030042E9CB /* Assets.xcassets */; };
		39B6A2911CE217030042E9CB /* LaunchScreen.storyboard in Resources */ = {isa = PBXBuildFile; fileRef = 39B6A28F1CE217030042E9CB /* LaunchScreen.storyboard */; };
		39B6A2991CE218310042E9CB /* MLCollectionViewCell.swift in Sources */ = {isa = PBXBuildFile; fileRef = 39B6A2981CE218310042E9CB /* MLCollectionViewCell.swift */; };
/* End PBXBuildFile section */

/* Begin PBXFileReference section */
		39B6A2831CE217030042E9CB /* MLCollectionViewGallery.app */ = {isa = PBXFileReference; explicitFileType = wrapper.application; includeInIndex = 0; path = MLCollectionViewGallery.app; sourceTree = BUILT_PRODUCTS_DIR; };
		39B6A2861CE217030042E9CB /* AppDelegate.swift */ = {isa = PBXFileReference; lastKnownFileType = sourcecode.swift; path = AppDelegate.swift; sourceTree = "<group>"; };
		39B6A2881CE217030042E9CB /* ImagesViewController.swift */ = {isa = PBXFileReference; lastKnownFileType = sourcecode.swift; path = ImagesViewController.swift; sourceTree = "<group>"; };
		39B6A28D1CE217030042E9CB /* Assets.xcassets */ = {isa = PBXFileReference; lastKnownFileType = folder.assetcatalog; path = Assets.xcassets; sourceTree = "<group>"; };
		39B6A2901CE217030042E9CB /* Base */ = {isa = PBXFileReference; lastKnownFileType = file.storyboard; name = Base; path = Base.lproj/LaunchScreen.storyboard; sourceTree = "<group>"; };
		39B6A2921CE217030042E9CB /* Info.plist */ = {isa = PBXFileReference; lastKnownFileType = text.plist.xml; path = Info.plist; sourceTree = "<group>"; };
		39B6A2981CE218310042E9CB /* MLCollectionViewCell.swift */ = {isa = PBXFileReference; fileEncoding = 4; lastKnownFileType = sourcecode.swift; path = MLCollectionViewCell.swift; sourceTree = "<group>"; };
/* End PBXFileReference section */

/* Begin PBXFrameworksBuildPhase section */
		39B6A2801CE217030042E9CB /* Frameworks */ = {
			isa = PBXFrameworksBuildPhase;
			buildActionMask = 2147483647;
			files = (
			);
			runOnlyForDeploymentPostprocessing = 0;
		};
/* End PBXFrameworksBuildPhase section */

/* Begin PBXGroup section */
		39B6A27A1CE217030042E9CB = {
			isa = PBXGroup;
			children = (
				39B6A2851CE217030042E9CB /* MLCollectionViewGallery */,
				39B6A2841CE217030042E9CB /* Products */,
			);
			sourceTree = "<group>";
		};
		39B6A2841CE217030042E9CB /* Products */ = {
			isa = PBXGroup;
			children = (
				39B6A2831CE217030042E9CB /* MLCollectionViewGallery.app */,
			);
			name = Products;
			sourceTree = "<group>";
		};
		39B6A2851CE217030042E9CB /* MLCollectionViewGallery */ = {
			isa = PBXGroup;
			children = (
				39B6A2861CE217030042E9CB /* AppDelegate.swift */,
				39B6A2881CE217030042E9CB /* ImagesViewController.swift */,
				39B6A28D1CE217030042E9CB /* Assets.xcassets */,
				39B6A28F1CE217030042E9CB /* LaunchScreen.storyboard */,
				39B6A2921CE217030042E9CB /* Info.plist */,
				39B6A2981CE218310042E9CB /* MLCollectionViewCell.swift */,
			);
			path = MLCollectionViewGallery;
			sourceTree = "<group>";
		};
/* End PBXGroup section */

/* Begin PBXNativeTarget section */
		39B6A2821CE217030042E9CB /* MLCollectionViewGallery */ = {
			isa = PBXNativeTarget;
			buildConfigurationList = 39B6A2951CE217030042E9CB /* Build configuration list for PBXNativeTarget "MLCollectionViewGallery" */;
			buildPhases = (
				39B6A27F1CE217030042E9CB /* Sources */,
				39B6A2801CE217030042E9CB /* Frameworks */,
				39B6A2811CE217030042E9CB /* Resources */,
			);
			buildRules = (
			);
			dependencies = (
			);
			name = MLCollectionViewGallery;
			productName = MLCollectionViewGallery;
			productReference = 39B6A2831CE217030042E9CB /* MLCollectionViewGallery.app */;
			productType = "com.apple.product-type.application";
		};
/* End PBXNativeTarget section */

/* Begin PBXProject section */
		39B6A27B1CE217030042E9CB /* Project object */ = {
			isa = PBXProject;
			attributes = {
				LastSwiftUpdateCheck = 0730;
				LastUpgradeCheck = 0820;
				ORGANIZATIONNAME = "Matthias Ludwig";
				TargetAttributes = {
					39B6A2821CE217030042E9CB = {
						CreatedOnToolsVersion = 7.3.1;
						LastSwiftMigration = 0820;
					};
				};
			};
			buildConfigurationList = 39B6A27E1CE217030042E9CB /* Build configuration list for PBXProject "MLCollectionViewGallery" */;
			compatibilityVersion = "Xcode 3.2";
			developmentRegion = English;
			hasScannedForEncodings = 0;
			knownRegions = (
				en,
				Base,
			);
			mainGroup = 39B6A27A1CE217030042E9CB;
			productRefGroup = 39B6A2841CE217030042E9CB /* Products */;
			projectDirPath = "";
			projectRoot = "";
			targets = (
				39B6A2821CE217030042E9CB /* MLCollectionViewGallery */,
			);
		};
/* End PBXProject section */

/* Begin PBXResourcesBuildPhase section */
		39B6A2811CE217030042E9CB /* Resources */ = {
			isa = PBXResourcesBuildPhase;
			buildActionMask = 2147483647;
			files = (
				39B6A2911CE217030042E9CB /* LaunchScreen.storyboard in Resources */,
				39B6A28E1CE217030042E9CB /* Assets.xcassets in Resources */,
			);
			runOnlyForDeploymentPostprocessing = 0;
		};
/* End PBXResourcesBuildPhase section */

/* Begin PBXSourcesBuildPhase section */
		39B6A27F1CE217030042E9CB /* Sources */ = {
			isa = PBXSourcesBuildPhase;
			buildActionMask = 2147483647;
			files = (
				39B6A2991CE218310042E9CB /* MLCollectionViewCell.swift in Sources */,
				39B6A2891CE217030042E9CB /* ImagesViewController.swift in Sources */,
				39B6A2871CE217030042E9CB /* AppDelegate.swift in Sources */,
			);
			runOnlyForDeploymentPostprocessing = 0;
		};
/* End PBXSourcesBuildPhase section */

/* Begin PBXVariantGroup section */
		39B6A28F1CE217030042E9CB /* LaunchScreen.storyboard */ = {
			isa = PBXVariantGroup;
			children = (
				39B6A2901CE217030042E9CB /* Base */,
			);
			name = LaunchScreen.storyboard;
			sourceTree = "<group>";
		};
/* End PBXVariantGroup section */

/* Begin XCBuildConfiguration section */
		39B6A2931CE217030042E9CB /* Debug */ = {
			isa = XCBuildConfiguration;
			buildSettings = {
				ALWAYS_SEARCH_USER_PATHS = NO;
				CLANG_ANALYZER_NONNULL = YES;
				CLANG_CXX_LANGUAGE_STANDARD = "gnu++0x";
				CLANG_CXX_LIBRARY = "libc++";
				CLANG_ENABLE_MODULES = YES;
				CLANG_ENABLE_OBJC_ARC = YES;
				CLANG_WARN_BOOL_CONVERSION = YES;
				CLANG_WARN_CONSTANT_CONVERSION = YES;
				CLANG_WARN_DIRECT_OBJC_ISA_USAGE = YES_ERROR;
				CLANG_WARN_EMPTY_BODY = YES;
				CLANG_WARN_ENUM_CONVERSION = YES;
				CLANG_WARN_INFINITE_RECURSION = YES;
				CLANG_WARN_INT_CONVERSION = YES;
				CLANG_WARN_OBJC_ROOT_CLASS = YES_ERROR;
				CLANG_WARN_SUSPICIOUS_MOVE = YES;
				CLANG_WARN_UNREACHABLE_CODE = YES;
				CLANG_WARN__DUPLICATE_METHOD_MATCH = YES;
				"CODE_SIGN_IDENTITY[sdk=iphoneos*]" = "iPhone Developer";
				COPY_PHASE_STRIP = NO;
				DEBUG_INFORMATION_FORMAT = dwarf;
				ENABLE_STRICT_OBJC_MSGSEND = YES;
				ENABLE_TESTABILITY = YES;
				GCC_C_LANGUAGE_STANDARD = gnu99;
				GCC_DYNAMIC_NO_PIC = NO;
				GCC_NO_COMMON_BLOCKS = YES;
				GCC_OPTIMIZATION_LEVEL = 0;
				GCC_PREPROCESSOR_DEFINITIONS = (
					"DEBUG=1",
					"$(inherited)",
				);
				GCC_WARN_64_TO_32_BIT_CONVERSION = YES;
				GCC_WARN_ABOUT_RETURN_TYPE = YES_ERROR;
				GCC_WARN_UNDECLARED_SELECTOR = YES;
				GCC_WARN_UNINITIALIZED_AUTOS = YES_AGGRESSIVE;
				GCC_WARN_UNUSED_FUNCTION = YES;
				GCC_WARN_UNUSED_VARIABLE = YES;
				IPHONEOS_DEPLOYMENT_TARGET = 9.3;
				MTL_ENABLE_DEBUG_INFO = YES;
				ONLY_ACTIVE_ARCH = YES;
				SDKROOT = iphoneos;
				SWIFT_OPTIMIZATION_LEVEL = "-Onone";
				TARGETED_DEVICE_FAMILY = "1,2";
			};
			name = Debug;
		};
		39B6A2941CE217030042E9CB /* Release */ = {
			isa = XCBuildConfiguration;
			buildSettings = {
				ALWAYS_SEARCH_USER_PATHS = NO;
				CLANG_ANALYZER_NONNULL = YES;
				CLANG_CXX_LANGUAGE_STANDARD = "gnu++0x";
				CLANG_CXX_LIBRARY = "libc++";
				CLANG_ENABLE_MODULES = YES;
				CLANG_ENABLE_OBJC_ARC = YES;
				CLANG_WARN_BOOL_CONVERSION = YES;
				CLANG_WARN_CONSTANT_CONVERSION = YES;
				CLANG_WARN_DIRECT_OBJC_ISA_USAGE = YES_ERROR;
				CLANG_WARN_EMPTY_BODY = YES;
				CLANG_WARN_ENUM_CONVERSION = YES;
				CLANG_WARN_INFINITE_RECURSION = YES;
				CLANG_WARN_INT_CONVERSION = YES;
				CLANG_WARN_OBJC_ROOT_CLASS = YES_ERROR;
				CLANG_WARN_SUSPICIOUS_MOVE = YES;
				CLANG_WARN_UNREACHABLE_CODE = YES;
				CLANG_WARN__DUPLICATE_METHOD_MATCH = YES;
				"CODE_SIGN_IDENTITY[sdk=iphoneos*]" = "iPhone Developer";
				COPY_PHASE_STRIP = NO;
				DEBUG_INFORMATION_FORMAT = "dwarf-with-dsym";
				ENABLE_NS_ASSERTIONS = NO;
				ENABLE_STRICT_OBJC_MSGSEND = YES;
				GCC_C_LANGUAGE_STANDARD = gnu99;
				GCC_NO_COMMON_BLOCKS = YES;
				GCC_WARN_64_TO_32_BIT_CONVERSION = YES;
				GCC_WARN_ABOUT_RETURN_TYPE = YES_ERROR;
				GCC_WARN_UNDECLARED_SELECTOR = YES;
				GCC_WARN_UNINITIALIZED_AUTOS = YES_AGGRESSIVE;
				GCC_WARN_UNUSED_FUNCTION = YES;
				GCC_WARN_UNUSED_VARIABLE = YES;
				IPHONEOS_DEPLOYMENT_TARGET = 9.3;
				MTL_ENABLE_DEBUG_INFO = NO;
				SDKROOT = iphoneos;
				SWIFT_OPTIMIZATION_LEVEL = "-Owholemodule";
				TARGETED_DEVICE_FAMILY = "1,2";
				VALIDATE_PRODUCT = YES;
			};
			name = Release;
		};
		39B6A2961CE217030042E9CB /* Debug */ = {
			isa = XCBuildConfiguration;
			buildSettings = {
				ASSETCATALOG_COMPILER_APPICON_NAME = AppIcon;
				INFOPLIST_FILE = MLCollectionViewGallery/Info.plist;
				LD_RUNPATH_SEARCH_PATHS = "$(inherited) @executable_path/Frameworks";
				PRODUCT_BUNDLE_IDENTIFIER = "com.sudden-dev.MLCollectionViewGallery";
				PRODUCT_NAME = "$(TARGET_NAME)";
				SWIFT_VERSION = 3.0;
			};
			name = Debug;
		};
		39B6A2971CE217030042E9CB /* Release */ = {
			isa = XCBuildConfiguration;
			buildSettings = {
				ASSETCATALOG_COMPILER_APPICON_NAME = AppIcon;
				INFOPLIST_FILE = MLCollectionViewGallery/Info.plist;
				LD_RUNPATH_SEARCH_PATHS = "$(inherited) @executable_path/Frameworks";
				PRODUCT_BUNDLE_IDENTIFIER = "com.sudden-dev.MLCollectionViewGallery";
				PRODUCT_NAME = "$(TARGET_NAME)";
				SWIFT_VERSION = 3.0;
			};
			name = Release;
		};
/* End XCBuildConfiguration section */

/* Begin XCConfigurationList section */
		39B6A27E1CE217030042E9CB /* Build configuration list for PBXProject "MLCollectionViewGallery" */ = {
			isa = XCConfigurationList;
			buildConfigurations = (
				39B6A2931CE217030042E9CB /* Debug */,
				39B6A2941CE217030042E9CB /* Release */,
			);
			defaultConfigurationIsVisible = 0;
			defaultConfigurationName = Release;
		};
		39B6A2951CE217030042E9CB /* Build configuration list for PBXNativeTarget "MLCollectionViewGallery" */ = {
			isa = XCConfigurationList;
			buildConfigurations = (
				39B6A2961CE217030042E9CB /* Debug */,
				39B6A2971CE217030042E9CB /* Release */,
			);
			defaultConfigurationIsVisible = 0;
			defaultConfigurationName = Release;
		};
/* End XCConfigurationList section */
	};
	rootObject = 39B6A27B1CE217030042E9CB /* Project object */;
}
